
Microsoft Visual Studio Solution File, Format Version 12.00
Project("{2150E333-8FDC-42A3-9474-1A3956D46DE8}") = "Solution Items", "Solution Items", "{C0F11EB3-1DF5-4080-A6C2-70CC77B8107E}"
	ProjectSection(SolutionItems) = preProject
		docker-compose.yml = docker-compose.yml
		docker-compose.override.yml = docker-compose.override.yml
	EndProjectSection
EndProject
Project("{FAE04EC0-301F-11D3-BF4B-00C04F79EFBC}") = "RedisLearn", "RedisLearn\RedisLearn.csproj", "{56E257AF-3FD3-4565-933C-2DA5E0A64268}"
EndProject
Global
	GlobalSection(SolutionConfigurationPlatforms) = preSolution
		Debug|Any CPU = Debug|Any CPU
		Release|Any CPU = Release|Any CPU
	EndGlobalSection
	GlobalSection(ProjectConfigurationPlatforms) = postSolution
		{56E257AF-3FD3-4565-933C-2DA5E0A64268}.Debug|Any CPU.ActiveCfg = Debug|Any CPU
		{56E257AF-3FD3-4565-933C-2DA5E0A64268}.Debug|Any CPU.Build.0 = Debug|Any CPU
		{56E257AF-3FD3-4565-933C-2DA5E0A64268}.Release|Any CPU.ActiveCfg = Release|Any CPU
		{56E257AF-3FD3-4565-933C-2DA5E0A64268}.Release|Any CPU.Build.0 = Release|Any CPU
	EndGlobalSection
EndGlobal
